
Microsoft Visual Studio Solution File, Format Version 12.00
# Visual Studio Version 17
VisualStudioVersion = 17.14.36221.1 d17.14
MinimumVisualStudioVersion = 10.0.40219.1
Project("{FAE04EC0-301F-11D3-BF4B-00C04F79EFBC}") = "EFCoreAssignment002", "EFCoreAssignment002\EFCoreAssignment002.csproj", "{653D9D09-BC41-40AC-91BD-081B40503A2B}"
EndProject
Global
	GlobalSection(SolutionConfigurationPlatforms) = preSolution
		Debug|Any CPU = Debug|Any CPU
		Release|Any CPU = Release|Any CPU
	EndGlobalSection
	GlobalSection(ProjectConfigurationPlatforms) = postSolution
		{653D9D09-BC41-40AC-91BD-081B40503A2B}.Debug|Any CPU.ActiveCfg = Debug|Any CPU
		{653D9D09-BC41-40AC-91BD-081B40503A2B}.Debug|Any CPU.Build.0 = Debug|Any CPU
		{653D9D09-BC41-40AC-91BD-081B40503A2B}.Release|Any CPU.ActiveCfg = Release|Any CPU
		{653D9D09-BC41-40AC-91BD-081B40503A2B}.Release|Any CPU.Build.0 = Release|Any CPU
	EndGlobalSection
	GlobalSection(SolutionProperties) = preSolution
		HideSolutionNode = FALSE
	EndGlobalSection
	GlobalSection(ExtensibilityGlobals) = postSolution
		SolutionGuid = {02BD0462-23FB-4DED-AD15-E971D6A4D47E}
	EndGlobalSection
EndGlobal
